{
  "version": 2,
  "dependencies": {
    "net10.0-windows7.0": {
      "coverlet.collector": {
        "type": "Direct",
        "requested": "[6.0.2, )",
        "resolved": "6.0.2",
        "contentHash": "bJShQ6uWRTQ100ZeyiMqcFlhP7WJ+bCuabUs885dJiBEzMsJMSFr7BOyeCw4rgvQokteGi5rKQTlkhfQPUXg2A=="
      },
      "FluentAssertions": {
        "type": "Direct",
        "requested": "[6.12.0, )",
        "resolved": "6.12.0",
        "contentHash": "ZXhHT2YwP9lajrwSKbLlFqsmCCvFJMoRSK9t7sImfnCyd0OB3MhgxdoMcVqxbq1iyxD6mD2fiackWmBb7ayiXQ==",
        "dependencies": {
          "System.Configuration.ConfigurationManager": "4.4.0"
        }
      },
      "Microsoft.NET.Test.Sdk": {
        "type": "Direct",
        "requested": "[17.11.1, )",
        "resolved": "17.11.1",
        "contentHash": "U3Ty4BaGoEu+T2bwSko9tWqWUOU16WzSFkq6U8zve75oRBMSLTBdMAZrVNNz1Tq12aCdDom9fcOcM9QZaFHqFg==",
        "dependencies": {
          "Microsoft.CodeCoverage": "17.11.1",
          "Microsoft.TestPlatform.TestHost": "17.11.1"
        }
      },
      "xunit": {
        "type": "Direct",
        "requested": "[2.9.2, )",
        "resolved": "2.9.2",
        "contentHash": "7LhFS2N9Z6Xgg8aE5lY95cneYivRMfRI8v+4PATa4S64D5Z/Plkg0qa8dTRHSiGRgVZ/CL2gEfJDE5AUhOX+2Q==",
        "dependencies": {
          "xunit.analyzers": "1.16.0",
          "xunit.assert": "2.9.2",
          "xunit.core": "[2.9.2]"
        }
      },
      "xunit.runner.visualstudio": {
        "type": "Direct",
        "requested": "[2.8.2, )",
        "resolved": "2.8.2",
        "contentHash": "vm1tbfXhFmjFMUmS4M0J0ASXz3/U5XvXBa6DOQUL3fEz4Vt6YPhv+ESCarx6M6D+9kJkJYZKCNvJMas1+nVfmQ=="
      },
      "CommunityToolkit.HighPerformance": {
        "type": "Transitive",
        "resolved": "8.2.2",
        "contentHash": "+zIp8d3sbtYaRbM6hqDs4Ui/z34j7DcUmleruZlYLE4CVxXq+MO8XJyIs42vzeTYFX+k0Iq1dEbBUnQ4z/Gnrw=="
      },
      "MetadataExtractor": {
        "type": "Transitive",
        "resolved": "2.8.1",
        "contentHash": "5VFc1urVZiIjB6zZ4nUkqDJntGPGPgPIrSqRtkAZ1AFDKHmxbRSHL3zZi9qMd8JYtOu/T8d5rZ7740jj/+dHOg==",
        "dependencies": {
          "XmpCore": "6.1.10.1"
        }
      },
      "Microsoft.CodeCoverage": {
        "type": "Transitive",
        "resolved": "17.11.1",
        "contentHash": "nPJqrcA5iX+Y0kqoT3a+pD/8lrW/V7ayqnEJQsTonSoPz59J8bmoQhcSN4G8+UJ64Hkuf0zuxnfuj2lkHOq4cA=="
      },
      "Microsoft.Extensions.Configuration": {
        "type": "Transitive",
        "resolved": "10.0.10",
        "contentHash": "plJWK2zpWuuyxI8F8s2scx6Je7N1Ajjs6HvYUGKwRnDMWIVIz9FHwAkiT7ASgrvAOd10T0FPVlh9BzAJJME+jg==",
        "dependencies": {
          "Microsoft.Extensions.Configuration.Abstractions": "10.0.10",
          "Microsoft.Extensions.Primitives": "10.0.10"
        }
      },
      "Microsoft.Extensions.Configuration.Abstractions": {
        "type": "Transitive",
        "resolved": "10.0.10",
        "contentHash": "5Vnd2I75DmZCVEjSynIdJ/0EGafgnLQwgR3t2C2/fkjx/nRG+cLwxLLdInoHeCEpkD5K4Ov/g9ZCRYrl4TRsaA==",
        "dependencies": {
          "Microsoft.Extensions.Primitives": "10.0.10"
        }
      },
      "Microsoft.Extensions.Configuration.Binder": {
        "type": "Transitive",
        "resolved": "10.0.10",
        "contentHash": "GqmN2o1CkJvk7uWp+p4CwBYW0w/zfoEbvsiFDbO2G8l1Uz+mrDAbAcZiXhU2lufKPby1cjAUdd5GTWpebYOkOA==",
        "dependencies": {
          "Microsoft.Extensions.Configuration": "10.0.10",
          "Microsoft.Extensions.Configuration.Abstractions": "10.0.10"
        }
      },
      "Microsoft.Extensions.Configuration.CommandLine": {
        "type": "Transitive",
        "resolved": "10.0.10",
        "contentHash": "33cBeR2HRbzHUTtmcmLdNOApneNGcymwwL4arHuotgVK9Frba8kcDTrvVTj7cSCmF1R9OiSbZH0KxNOwab3HUg==",
        "dependencies": {
          "Microsoft.Extensions.Configuration": "10.0.10",
          "Microsoft.Extensions.Configuration.Abstractions": "10.0.10"
        }
      },
      "Microsoft.Extensions.Configuration.EnvironmentVariables": {
        "type": "Transitive",
        "resolved": "10.0.10",
        "contentHash": "KRfFSSCV58vEdU7mPED/YMzeovIWF5P0g8s9K8n9HEfy0/WzMq37SrPdXdFN5/dFT/rPMHpF7AvpoXHckbcBFg==",
        "dependencies": {
          "Microsoft.Extensions.Configuration": "10.0.10",
          "Microsoft.Extensions.Configuration.Abstractions": "10.0.10"
        }
      },
      "Microsoft.Extensions.Configuration.FileExtensions": {
        "type": "Transitive",
        "resolved": "10.0.10",
        "contentHash": "ZOhZYwvbXGTgGVRwswIirofEMVHuWdxjdh0JeUZXwaF9cgcjXdz/t0ELtgaevw7ezTyv47yPNCgGreWtLkn3IQ==",
        "dependencies": {
          "Microsoft.Extensions.Configuration": "10.0.10",
          "Microsoft.Extensions.Configuration.Abstractions": "10.0.10",
          "Microsoft.Extensions.FileProviders.Abstractions": "10.0.10",
          "Microsoft.Extensions.FileProviders.Physical": "10.0.10",
          "Microsoft.Extensions.Primitives": "10.0.10"
        }
      },
      "Microsoft.Extensions.Configuration.Json": {
        "type": "Transitive",
        "resolved": "10.0.10",
        "contentHash": "uvJ6sHwjgrkMEJOgiC76G0mcZGXerwyyWkwX34EOjCbxKG6TCtfAoqDKAMsCvEBf9HxjlGQEgqsSMOGCmGBf+A==",
        "dependencies": {
          "Microsoft.Extensions.Configuration": "10.0.10",
          "Microsoft.Extensions.Configuration.Abstractions": "10.0.10",
          "Microsoft.Extensions.Configuration.FileExtensions": "10.0.10",
          "Microsoft.Extensions.FileProviders.Abstractions": "10.0.10"
        }
      },
      "Microsoft.Extensions.Configuration.UserSecrets": {
        "type": "Transitive",
        "resolved": "10.0.10",
        "contentHash": "1s1sKFTk/Foam64JY6+m/diH8drL3Wx6V3gtSd5v1IEZtszZYyc1pW8uRnMblzpNiR0l0t8gGk7tXj3xHzFgdg==",
        "dependencies": {
          "Microsoft.Extensions.Configuration.Abstractions": "10.0.10",
          "Microsoft.Extensions.Configuration.Json": "10.0.10",
          "Microsoft.Extensions.FileProviders.Abstractions": "10.0.10",
          "Microsoft.Extensions.FileProviders.Physical": "10.0.10"
        }
      },
      "Microsoft.Extensions.DependencyInjection.Abstractions": {
        "type": "Transitive",
        "resolved": "10.0.10",
        "contentHash": "z/2xXlFw2aLGjHyEm6E0tQ+In6VfzQzTrtArbQ2c0TQE16ZbyDCMGPvaUT9I0s8rgy9sRWlU2P9waW37qV04qA=="
      },
      "Microsoft.Extensions.Diagnostics": {
        "type": "Transitive",
        "resolved": "10.0.10",
        "contentHash": "Kr/e7lUf4+N8tacbqJ2Ctwe/HarKdAc9ZkgKVVqvtJDBKbez+T/KnUwu82KSlnBp/SrpBcxc7u7xkE2oUZT/5Q==",
        "dependencies": {
          "Microsoft.Extensions.Configuration": "10.0.10",
          "Microsoft.Extensions.Diagnostics.Abstractions": "10.0.10",
          "Microsoft.Extensions.Options.ConfigurationExtensions": "10.0.10"
        }
      },
      "Microsoft.Extensions.Diagnostics.Abstractions": {
        "type": "Transitive",
        "resolved": "10.0.10",
        "contentHash": "9uWiKpeOVac355STyChWR/pliFX/5CeLqChW9kKsaxyDH4EUTZxMkT4Jwp/J/peLm0GBFmSX5c0WCse3yCnq1Q==",
        "dependencies": {
          "Microsoft.Extensions.DependencyInjection.Abstractions": "10.0.10",
          "Microsoft.Extensions.Options": "10.0.10"
        }
      },
      "Microsoft.Extensions.FileProviders.Abstractions": {
        "type": "Transitive",
        "resolved": "10.0.10",
        "contentHash": "c5zqFCY9DiIpMovLd7/d/CTiEtrMOuQ639dhv3PABtKQIKNQikSHwQt8+N679uii9q+B55lgK28Uv64FOwEu8w==",
        "dependencies": {
          "Microsoft.Extensions.Primitives": "10.0.10"
        }
      },
      "Microsoft.Extensions.FileProviders.Physical": {
        "type": "Transitive",
        "resolved": "10.0.10",
        "contentHash": "jhJAyo38kSrH3ARvWUk0h8itogVnQu2DCZuPo+s0Z+tXes0ugTxMPaHYzap85785eHQmPFqD9TYERqBbtGxn/w==",
        "dependencies": {
          "Microsoft.Extensions.FileProviders.Abstractions": "10.0.10",
          "Microsoft.Extensions.FileSystemGlobbing": "10.0.10",
          "Microsoft.Extensions.Primitives": "10.0.10"
        }
      },
      "Microsoft.Extensions.FileSystemGlobbing": {
        "type": "Transitive",
        "resolved": "10.0.10",
        "contentHash": "jSOCVxEwCd4Aq925kJVz1kSO1EpX2OHYKL04qVREXkDU7Ce3pVDdHPYm+fEy8y/th2kJf/DAstRHpJAqoNWP8w=="
      },
      "Microsoft.Extensions.Hosting.Abstractions": {
        "type": "Transitive",
        "resolved": "10.0.10",
        "contentHash": "5LugpYGHk+mkn0a8IZgcyfBca8PCTAU9RQFoMrTdtOOidq88M2SI5f3px6ugnzgxC+eTkvYYJi8pzlUnG5xdAQ==",
        "dependencies": {
          "Microsoft.Extensions.Configuration.Abstractions": "10.0.10",
          "Microsoft.Extensions.DependencyInjection.Abstractions": "10.0.10",
          "Microsoft.Extensions.Diagnostics.Abstractions": "10.0.10",
          "Microsoft.Extensions.FileProviders.Abstractions": "10.0.10",
          "Microsoft.Extensions.Logging.Abstractions": "10.0.10"
        }
      },
      "Microsoft.Extensions.Logging": {
        "type": "Transitive",
        "resolved": "10.0.10",
        "contentHash": "Tf6z5HsL0VDYRTfvsoNrTGHGheCwkTsZBA2FFh5ATJUbkAwug+FFNISJK2gjpUNemlAOoWllAK52HOWCjto3EQ==",
        "dependencies": {
          "Microsoft.Extensions.DependencyInjection": "10.0.10",
          "Microsoft.Extensions.Logging.Abstractions": "10.0.10",
          "Microsoft.Extensions.Options": "10.0.10"
        }
      },
      "Microsoft.Extensions.Logging.Configuration": {
        "type": "Transitive",
        "resolved": "10.0.10",
        "contentHash": "cLrqxkuEfcilZ8SjK+9KAnpLk9lOoMPaOokF+wRUYie+iUEcdX4/p/+gJkt0BYgWLthjpBUCkVTBI6Kxg0nsOw==",
        "dependencies": {
          "Microsoft.Extensions.Configuration": "10.0.10",
          "Microsoft.Extensions.Configuration.Abstractions": "10.0.10",
          "Microsoft.Extensions.Configuration.Binder": "10.0.10",
          "Microsoft.Extensions.DependencyInjection.Abstractions": "10.0.10",
          "Microsoft.Extensions.Logging": "10.0.10",
          "Microsoft.Extensions.Logging.Abstractions": "10.0.10",
          "Microsoft.Extensions.Options": "10.0.10",
          "Microsoft.Extensions.Options.ConfigurationExtensions": "10.0.10"
        }
      },
      "Microsoft.Extensions.Logging.Console": {
        "type": "Transitive",
        "resolved": "10.0.10",
        "contentHash": "VIlNzPwPS0GeQVSmCqqo36ugryX3LpE9ul6gEkks5VLET3weH/XMLeWmclwfoGn4Nxi2mwVibB+OZBVJ9tDqvg==",
        "dependencies": {
          "Microsoft.Extensions.DependencyInjection.Abstractions": "10.0.10",
          "Microsoft.Extensions.Logging": "10.0.10",
          "Microsoft.Extensions.Logging.Abstractions": "10.0.10",
          "Microsoft.Extensions.Logging.Configuration": "10.0.10",
          "Microsoft.Extensions.Options": "10.0.10"
        }
      },
      "Microsoft.Extensions.Logging.Debug": {
        "type": "Transitive",
        "resolved": "10.0.10",
        "contentHash": "8+TZBnV5fgBXoVNJ5ROSErUwYogk4hOgV7c2HWK1u5cqKGmiUTUn7+KqZ35iQu8e/B7Ykccyz5OTjdXcidNZ9g==",
        "dependencies": {
          "Microsoft.Extensions.DependencyInjection.Abstractions": "10.0.10",
          "Microsoft.Extensions.Logging": "10.0.10",
          "Microsoft.Extensions.Logging.Abstractions": "10.0.10"
        }
      },
      "Microsoft.Extensions.Logging.EventLog": {
        "type": "Transitive",
        "resolved": "10.0.10",
        "contentHash": "0RE4951AzQ+YD4gVrvbq0BhdsiBgSDo44yM7+QBZ2mrmMJeNjY+teCIYfUjqDPVYnKs0HR6SkkhgrX1YgXZq3Q==",
        "dependencies": {
          "Microsoft.Extensions.DependencyInjection.Abstractions": "10.0.10",
          "Microsoft.Extensions.Logging": "10.0.10",
          "Microsoft.Extensions.Logging.Abstractions": "10.0.10",
          "Microsoft.Extensions.Options": "10.0.10",
          "System.Diagnostics.EventLog": "10.0.10"
        }
      },
      "Microsoft.Extensions.Logging.EventSource": {
        "type": "Transitive",
        "resolved": "10.0.10",
        "contentHash": "85SAPwXhJtdBInzN2k7SChiFiBGh3KOWay5AfoY+GREF6P7oZA98+ST2p7Z9384iLKYjkZSKIZ/FqIO5aojtNw==",
        "dependencies": {
          "Microsoft.Extensions.DependencyInjection.Abstractions": "10.0.10",
          "Microsoft.Extensions.Logging": "10.0.10",
          "Microsoft.Extensions.Logging.Abstractions": "10.0.10",
          "Microsoft.Extensions.Options": "10.0.10",
          "Microsoft.Extensions.Primitives": "10.0.10"
        }
      },
      "Microsoft.Extensions.Options": {
        "type": "Transitive",
        "resolved": "10.0.10",
        "contentHash": "srnhnk7nE8krBiIXp71LvBmKBtraBONWSRzdjJgRv1Ko9Mp8IVNqv4vIS9hGeVteBig8aQkva9ZG+sC+o5sVcA==",
        "dependencies": {
          "Microsoft.Extensions.DependencyInjection.Abstractions": "10.0.10",
          "Microsoft.Extensions.Primitives": "10.0.10"
        }
      },
      "Microsoft.Extensions.Options.ConfigurationExtensions": {
        "type": "Transitive",
        "resolved": "10.0.10",
        "contentHash": "tnBmu/LwF25ZQK+HBNCu2xrwnkKoB/XEbJyooGGoYxHrhvxbSKi7eOFiJ4AXBy/QU4vtCvCJfoi8k9Ej72qzOQ==",
        "dependencies": {
          "Microsoft.Extensions.Configuration.Abstractions": "10.0.10",
          "Microsoft.Extensions.Configuration.Binder": "10.0.10",
          "Microsoft.Extensions.DependencyInjection.Abstractions": "10.0.10",
          "Microsoft.Extensions.Options": "10.0.10",
          "Microsoft.Extensions.Primitives": "10.0.10"
        }
      },
      "Microsoft.Extensions.Primitives": {
        "type": "Transitive",
        "resolved": "10.0.10",
        "contentHash": "5wu/GrYVd8mG2DVUw3vFJzF+O336TyTGg/Kmcgw9bfwYhCoFiV5lR5QeEmKecJyrW4W54nMfD3p3589E8a7czQ=="
      },
      "Microsoft.TestPlatform.ObjectModel": {
        "type": "Transitive",
        "resolved": "17.11.1",
        "contentHash": "E2jZqAU6JeWEVsyOEOrSW1o1bpHLgb25ypvKNB/moBXPVsFYBPd/Jwi7OrYahG50J83LfHzezYI+GaEkpAotiA=="
      },
      "Microsoft.TestPlatform.TestHost": {
        "type": "Transitive",
        "resolved": "17.11.1",
        "contentHash": "DnG+GOqJXO/CkoqlJWeDFTgPhqD/V6VqUIL3vINizCWZ3X+HshCtbbyDdSHQQEjrc2Sl/K3yaxX6s+5LFEdYuw==",
        "dependencies": {
          "Microsoft.TestPlatform.ObjectModel": "17.11.1",
          "Newtonsoft.Json": "13.0.1"
        }
      },
      "System.Configuration.ConfigurationManager": {
        "type": "Transitive",
        "resolved": "4.4.0",
        "contentHash": "gWwQv/Ug1qWJmHCmN17nAbxJYmQBM/E94QxKLksvUiiKB1Ld3Sc/eK1lgmbSjDFxkQhVuayI/cGFZhpBSodLrg==",
        "dependencies": {
          "System.Security.Cryptography.ProtectedData": "4.4.0"
        }
      },
      "System.Diagnostics.EventLog": {
        "type": "Transitive",
        "resolved": "10.0.10",
        "contentHash": "OvGz3PrzuAI/Sj7LTcXcCe3FClRI1IyRMZjNONcZtFh+Ww7nAtSh4kh08r8KVe/xxkXJPjR0Y1jF7H+N42d4xQ=="
      },
      "System.Security.Cryptography.ProtectedData": {
        "type": "Transitive",
        "resolved": "4.4.0",
        "contentHash": "cJV7ScGW7EhatRsjehfvvYVBvtiSMKgN8bOVI0bQhnF5bU7vnHVIsH49Kva7i7GWaWYvmEzkYVk1TC+gZYBEog=="
      },
      "WPF-UI.Abstractions": {
        "type": "Transitive",
        "resolved": "4.3.0",
        "contentHash": "7Kj9DmCCo4SOCd1jAiw4+EcMFP2nR8rLLvitAYzVtzbWToTsodkbie24+8x9C4LDLxkopWEUGX62szqqNy7oeg=="
      },
      "XmpCore": {
        "type": "Transitive",
        "resolved": "6.1.10.1",
        "contentHash": "/Tp2/e39e7z8hLtS4TXt0FNNZHbf5yNFfHS0/59soXlgOzZlyRZivvzWpvujyaWkTWWgecp/1nHxkuc5vntn7A=="
      },
      "xunit.abstractions": {
        "type": "Transitive",
        "resolved": "2.0.3",
        "contentHash": "pot1I4YOxlWjIb5jmwvvQNbTrZ3lJQ+jUGkGjWE3hEFM0l5gOnBWS+H3qsex68s5cO52g+44vpGzhAt+42vwKg=="
      },
      "xunit.analyzers": {
        "type": "Transitive",
        "resolved": "1.16.0",
        "contentHash": "hptYM7vGr46GUIgZt21YHO4rfuBAQS2eINbFo16CV/Dqq+24Tp+P5gDCACu1AbFfW4Sp/WRfDPSK8fmUUb8s0Q=="
      },
      "xunit.assert": {
        "type": "Transitive",
        "resolved": "2.9.2",
        "contentHash": "QkNBAQG4pa66cholm28AxijBjrmki98/vsEh4Sx5iplzotvPgpiotcxqJQMRC8d7RV7nIT8ozh97957hDnZwsQ=="
      },
      "xunit.core": {
        "type": "Transitive",
        "resolved": "2.9.2",
        "contentHash": "O6RrNSdmZ0xgEn5kT927PNwog5vxTtKrWMihhhrT0Sg9jQ7iBDciYOwzBgP2krBEk5/GBXI18R1lKvmnxGcb4w==",
        "dependencies": {
          "xunit.extensibility.core": "[2.9.2]",
          "xunit.extensibility.execution": "[2.9.2]"
        }
      },
      "xunit.extensibility.core": {
        "type": "Transitive",
        "resolved": "2.9.2",
        "contentHash": "Ol+KlBJz1x8BrdnhN2DeOuLrr1I/cTwtHCggL9BvYqFuVd/TUSzxNT5O0NxCIXth30bsKxgMfdqLTcORtM52yQ==",
        "dependencies": {
          "xunit.abstractions": "2.0.3"
        }
      },
      "xunit.extensibility.execution": {
        "type": "Transitive",
        "resolved": "2.9.2",
        "contentHash": "rKMpq4GsIUIJibXuZoZ8lYp5EpROlnYaRpwu9Zr0sRZXE7JqJfEEbCsUriZqB+ByXCLFBJyjkTRULMdC+U566g==",
        "dependencies": {
          "xunit.extensibility.core": "[2.9.2]"
        }
      },
      "adaptivespritesdmitool.application": {
        "type": "Project",
        "dependencies": {
          "AdaptiveSpritesDmiTool.Domain": "[1.0.0, )"
        }
      },
      "adaptivespritesdmitool.domain": {
        "type": "Project"
      },
      "adaptivespritesdmitool.infrastructure": {
        "type": "Project",
        "dependencies": {
          "AdaptiveSpritesDmiTool.Application": "[1.0.0, )",
          "DMISharp": "[2.1.0, )",
          "Microsoft.Extensions.Logging.Abstractions": "[10.0.10, )",
          "Newtonsoft.Json": "[13.0.3, )",
          "SixLabors.ImageSharp": "[3.1.12, )"
        }
      },
      "adaptivespritesdmitool.presentation.wpf": {
        "type": "Project",
        "dependencies": {
          "AdaptiveSpritesDmiTool.Application": "[1.0.0, )",
          "AdaptiveSpritesDmiTool.Infrastructure": "[1.0.0, )",
          "CommunityToolkit.Mvvm": "[8.4.2, )",
          "Microsoft.Extensions.DependencyInjection": "[10.0.10, )",
          "Microsoft.Extensions.Hosting": "[10.0.10, )",
          "WPF-UI": "[4.3.0, )"
        }
      },
      "CommunityToolkit.Mvvm": {
        "type": "CentralTransitive",
        "requested": "[8.4.2, )",
        "resolved": "8.4.2",
        "contentHash": "WadCzGEc2U+3e20avRLng4qNtt4zoOGWrdUISqJWrHe3/FSnrYjuM5Sb4yQb09LhkBXrrI4Zt3dLKgRMbItsrg=="
      },
      "DMISharp": {
        "type": "CentralTransitive",
        "requested": "[2.1.0, )",
        "resolved": "2.1.0",
        "contentHash": "uRo97MUhRL6I5LLbcoFNSiIxcxToyHVadxC3T1etY7ffEu1cjCYWncMJJW9oZt3Mu99usXgA2xo8eYjrSdZcoQ==",
        "dependencies": {
          "CommunityToolkit.HighPerformance": "8.2.2",
          "MetadataExtractor": "2.8.1",
          "SixLabors.ImageSharp": "3.1.4"
        }
      },
      "Microsoft.Extensions.DependencyInjection": {
        "type": "CentralTransitive",
        "requested": "[10.0.10, )",
        "resolved": "10.0.10",
        "contentHash": "ANyvsgkNBRvcJh2XLgn8veGmajf+8m0AbKK+HPWdRL1yraSNVVSmQhFntLtdz/C795jxqqup+k05cs/3jZQPOA==",
        "dependencies": {
          "Microsoft.Extensions.DependencyInjection.Abstractions": "10.0.10"
        }
      },
      "Microsoft.Extensions.Hosting": {
        "type": "CentralTransitive",
        "requested": "[10.0.10, )",
        "resolved": "10.0.10",
        "contentHash": "tL9FkfV64GPUDSPvwrgyw42LVzsnVAnyrqJEuZVJbODgrQ3eL63zmzEcVWoCHzfgqUhWggzbgAyUCnz/zfI3Pg==",
        "dependencies": {
          "Microsoft.Extensions.Configuration": "10.0.10",
          "Microsoft.Extensions.Configuration.Abstractions": "10.0.10",
          "Microsoft.Extensions.Configuration.Binder": "10.0.10",
          "Microsoft.Extensions.Configuration.CommandLine": "10.0.10",
          "Microsoft.Extensions.Configuration.EnvironmentVariables": "10.0.10",
          "Microsoft.Extensions.Configuration.FileExtensions": "10.0.10",
          "Microsoft.Extensions.Configuration.Json": "10.0.10",
          "Microsoft.Extensions.Configuration.UserSecrets": "10.0.10",
          "Microsoft.Extensions.DependencyInjection": "10.0.10",
          "Microsoft.Extensions.DependencyInjection.Abstractions": "10.0.10",
          "Microsoft.Extensions.Diagnostics": "10.0.10",
          "Microsoft.Extensions.FileProviders.Abstractions": "10.0.10",
          "Microsoft.Extensions.FileProviders.Physical": "10.0.10",
          "Microsoft.Extensions.Hosting.Abstractions": "10.0.10",
          "Microsoft.Extensions.Logging": "10.0.10",
          "Microsoft.Extensions.Logging.Abstractions": "10.0.10",
          "Microsoft.Extensions.Logging.Configuration": "10.0.10",
          "Microsoft.Extensions.Logging.Console": "10.0.10",
          "Microsoft.Extensions.Logging.Debug": "10.0.10",
          "Microsoft.Extensions.Logging.EventLog": "10.0.10",
          "Microsoft.Extensions.Logging.EventSource": "10.0.10",
          "Microsoft.Extensions.Options": "10.0.10"
        }
      },
      "Microsoft.Extensions.Logging.Abstractions": {
        "type": "CentralTransitive",
        "requested": "[10.0.10, )",
        "resolved": "10.0.10",
        "contentHash": "zkFxGYUvdxAvIKTyXHrmW+Sux53D4SezD9dMyZ6hrwwzPQJNuwCRy1f5W7AvYTqacEGhWF2XderRQG1OvbV8og==",
        "dependencies": {
          "Microsoft.Extensions.DependencyInjection.Abstractions": "10.0.10"
        }
      },
      "Newtonsoft.Json": {
        "type": "CentralTransitive",
        "requested": "[13.0.3, )",
        "resolved": "13.0.3",
        "contentHash": "HrC5BXdl00IP9zeV+0Z848QWPAoCr9P3bDEZguI+gkLcBKAOxix/tLEAAHC+UvDNPv4a2d18lOReHMOagPa+zQ=="
      },
      "SixLabors.ImageSharp": {
        "type": "CentralTransitive",
        "requested": "[3.1.12, )",
        "resolved": "3.1.12",
        "contentHash": "iAg6zifihXEFS/t7fiHhZBGAdCp3FavsF4i2ZIDp0JfeYeDVzvmlbY1CNhhIKimaIzrzSi5M/NBFcWvZT2rB/A=="
      },
      "WPF-UI": {
        "type": "CentralTransitive",
        "requested": "[4.3.0, )",
        "resolved": "4.3.0",
        "contentHash": "SIHhc8lIrhEQ/1cLFZN6Dtf8cqsLm4myBULj9obnacd9TyDs2vizhKYzRzTlcPEcnzb3L4EstvPN3M6kcXbJCA==",
        "dependencies": {
          "WPF-UI.Abstractions": "4.3.0"
        }
      }
    }
  }
}